
Microsoft Visual Studio Solution File, Format Version 12.00
# Visual Studio Version 17
VisualStudioVersion = 17.14.36518.9 d17.14
MinimumVisualStudioVersion = 10.0.40219.1
Project("{FAE04EC0-301F-11D3-BF4B-00C04F79EFBC}") = "拉片pro", "拉片pro.csproj", "{B095A79C-11AF-4D26-B7C1-78512C482C67}"
EndProject
Global
	GlobalSection(SolutionConfigurationPlatforms) = preSolution
		Debug|Any CPU = Debug|Any CPU
		Release|Any CPU = Release|Any CPU
	EndGlobalSection
	GlobalSection(ProjectConfigurationPlatforms) = postSolution
		{B095A79C-11AF-4D26-B7C1-78512C482C67}.Debug|Any CPU.ActiveCfg = Debug|Any CPU
		{B095A79C-11AF-4D26-B7C1-78512C482C67}.Debug|Any CPU.Build.0 = Debug|Any CPU
		{B095A79C-11AF-4D26-B7C1-78512C482C67}.Release|Any CPU.ActiveCfg = Release|Any CPU
		{B095A79C-11AF-4D26-B7C1-78512C482C67}.Release|Any CPU.Build.0 = Release|Any CPU
	EndGlobalSection
	GlobalSection(SolutionProperties) = preSolution
		HideSolutionNode = FALSE
	EndGlobalSection
	GlobalSection(ExtensibilityGlobals) = postSolution
		SolutionGuid = {0C6E1344-E7E2-454A-9643-CC2E1B7EED66}
	EndGlobalSection
EndGlobal
